{
  "name": "text-edit",
  "version": "1.0.0",
  "lockfileVersion": 2,
  "requires": true,
  "packages": {
    "": {
      "version": "1.0.0",
      "license": "ISC",
      "dependencies": {
        "print-js": "^1.5.0"
      }
    },
    "node_modules/print-js": {
      "version": "1.5.0",
      "resolved": "https://registry.npmjs.org/print-js/-/print-js-1.5.0.tgz",
      "integrity": "sha512-Vy7UG2NGpNRMR1CcwoaK813tM3uUB0I4vTylxmFLXMb77gJb+6GB5aUmeasyT+CetddbmXUZsHr9BF+0VDN/fg=="
    }
  },
  "dependencies": {
    "print-js": {
      "version": "1.5.0",
      "resolved": "https://registry.npmjs.org/print-js/-/print-js-1.5.0.tgz",
      "integrity": "sha512-Vy7UG2NGpNRMR1CcwoaK813tM3uUB0I4vTylxmFLXMb77gJb+6GB5aUmeasyT+CetddbmXUZsHr9BF+0VDN/fg=="
    }
  }
}
